// !$*UTF8*$!
{
	archiveVersion = 1;
	classes = {
	};
	objectVersion = 50;
	objects = {

/* Begin PBXBuildFile section */
		2B4031DE214FE94A0017645C /* AppDelegate.m in Sources */ = {isa = PBXBuildFile; fileRef = 2B4031DD214FE94A0017645C /* AppDelegate.m */; };
		2B4031E1214FE94A0017645C /* ViewController.m in Sources */ = {isa = PBXBuildFile; fileRef = 2B4031E0214FE94A0017645C /* ViewController.m */; };
		2B4031E4214FE94A0017645C /* Main.storyboard in Resources */ = {isa = PBXBuildFile; fileRef = 2B4031E2214FE94A0017645C /* Main.storyboard */; };
		2B4031E6214FE94B0017645C /* Assets.xcassets in Resources */ = {isa = PBXBuildFile; fileRef = 2B4031E5214FE94B0017645C /* Assets.xcassets */; };
		2B4031E9214FE94B0017645C /* LaunchScreen.storyboard in Resources */ = {isa = PBXBuildFile; fileRef = 2B4031E7214FE94B0017645C /* LaunchScreen.storyboard */; };
		2B4031EC214FE94B0017645C /* main.m in Sources */ = {isa = PBXBuildFile; fileRef = 2B4031EB214FE94B0017645C /* main.m */; };
		2B458204215132E000868E0E /* DKColorTable.txt in Resources */ = {isa = PBXBuildFile; fileRef = 2B458203215132DF00868E0E /* DKColorTable.txt */; };
		2B45820B2151386B00868E0E /* TJThemeManager.m in Sources */ = {isa = PBXBuildFile; fileRef = 2B45820A2151386B00868E0E /* TJThemeManager.m */; };
		2B45820F215142B400868E0E /* ThemeRedTemplate.m in Sources */ = {isa = PBXBuildFile; fileRef = 2B45820E215142B400868E0E /* ThemeRedTemplate.m */; };
		2B4582122151437800868E0E /* ThemeYellowTemplate.m in Sources */ = {isa = PBXBuildFile; fileRef = 2B4582112151437800868E0E /* ThemeYellowTemplate.m */; };
		B443285C1A6D6A6D259B3670 /* libPods-TJTheme.a in Frameworks */ = {isa = PBXBuildFile; fileRef = 4A003C0BFBD34526626F9B6C /* libPods-TJTheme.a */; };
/* End PBXBuildFile section */

/* Begin PBXFileReference section */
		2B4031D9214FE94A0017645C /* TJTheme.app */ = {isa = PBXFileReference; explicitFileType = wrapper.application; includeInIndex = 0; path = TJTheme.app; sourceTree = BUILT_PRODUCTS_DIR; };
		2B4031DC214FE94A0017645C /* AppDelegate.h */ = {isa = PBXFileReference; lastKnownFileType = sourcecode.c.h; path = AppDelegate.h; sourceTree = "<group>"; };
		2B4031DD214FE94A0017645C /* AppDelegate.m */ = {isa = PBXFileReference; lastKnownFileType = sourcecode.c.objc; path = AppDelegate.m; sourceTree = "<group>"; };
		2B4031DF214FE94A0017645C /* ViewController.h */ = {isa = PBXFileReference; lastKnownFileType = sourcecode.c.h; path = ViewController.h; sourceTree = "<group>"; };
		2B4031E0214FE94A0017645C /* ViewController.m */ = {isa = PBXFileReference; lastKnownFileType = sourcecode.c.objc; path = ViewController.m; sourceTree = "<group>"; };
		2B4031E3214FE94A0017645C /* Base */ = {isa = PBXFileReference; lastKnownFileType = file.storyboard; name = Base; path = Base.lproj/Main.storyboard; sourceTree = "<group>"; };
		2B4031E5214FE94B0017645C /* Assets.xcassets */ = {isa = PBXFileReference; lastKnownFileType = folder.assetcatalog; path = Assets.xcassets; sourceTree = "<group>"; };
		2B4031E8214FE94B0017645C /* Base */ = {isa = PBXFileReference; lastKnownFileType = file.storyboard; name = Base; path = Base.lproj/LaunchScreen.storyboard; sourceTree = "<group>"; };
		2B4031EA214FE94B0017645C /* Info.plist */ = {isa = PBXFileReference; lastKnownFileType = text.plist.xml; path = Info.plist; sourceTree = "<group>"; };
		2B4031EB214FE94B0017645C /* main.m */ = {isa = PBXFileReference; lastKnownFileType = sourcecode.c.objc; path = main.m; sourceTree = "<group>"; };
		2B458203215132DF00868E0E /* DKColorTable.txt */ = {isa = PBXFileReference; fileEncoding = 4; lastKnownFileType = text; path = DKColorTable.txt; sourceTree = "<group>"; };
		2B4582092151386B00868E0E /* TJThemeManager.h */ = {isa = PBXFileReference; lastKnownFileType = sourcecode.c.h; path = TJThemeManager.h; sourceTree = "<group>"; };
		2B45820A2151386B00868E0E /* TJThemeManager.m */ = {isa = PBXFileReference; lastKnownFileType = sourcecode.c.objc; path = TJThemeManager.m; sourceTree = "<group>"; };
		2B45820C21513D8C00868E0E /* TJThemeProtocol.h */ = {isa = PBXFileReference; lastKnownFileType = sourcecode.c.h; path = TJThemeProtocol.h; sourceTree = "<group>"; };
		2B45820D215142B400868E0E /* ThemeRedTemplate.h */ = {isa = PBXFileReference; lastKnownFileType = sourcecode.c.h; path = ThemeRedTemplate.h; sourceTree = "<group>"; };
		2B45820E215142B400868E0E /* ThemeRedTemplate.m */ = {isa = PBXFileReference; lastKnownFileType = sourcecode.c.objc; path = ThemeRedTemplate.m; sourceTree = "<group>"; };
		2B4582102151437800868E0E /* ThemeYellowTemplate.h */ = {isa = PBXFileReference; lastKnownFileType = sourcecode.c.h; path = ThemeYellowTemplate.h; sourceTree = "<group>"; };
		2B4582112151437800868E0E /* ThemeYellowTemplate.m */ = {isa = PBXFileReference; lastKnownFileType = sourcecode.c.objc; path = ThemeYellowTemplate.m; sourceTree = "<group>"; };
		44E9A9714F700FBF42263D12 /* Pods-TJTheme.debug.xcconfig */ = {isa = PBXFileReference; includeInIndex = 1; lastKnownFileType = text.xcconfig; name = "Pods-TJTheme.debug.xcconfig"; path = "Pods/Target Support Files/Pods-TJTheme/Pods-TJTheme.debug.xcconfig"; sourceTree = "<group>"; };
		4A003C0BFBD34526626F9B6C /* libPods-TJTheme.a */ = {isa = PBXFileReference; explicitFileType = archive.ar; includeInIndex = 0; path = "libPods-TJTheme.a"; sourceTree = BUILT_PRODUCTS_DIR; };
		7388413A9F5653DA18E99B8B /* Pods-TJTheme.release.xcconfig */ = {isa = PBXFileReference; includeInIndex = 1; lastKnownFileType = text.xcconfig; name = "Pods-TJTheme.release.xcconfig"; path = "Pods/Target Support Files/Pods-TJTheme/Pods-TJTheme.release.xcconfig"; sourceTree = "<group>"; };
/* End PBXFileReference section */

/* Begin PBXFrameworksBuildPhase section */
		2B4031D6214FE94A0017645C /* Frameworks */ = {
			isa = PBXFrameworksBuildPhase;
			buildActionMask = 2147483647;
			files = (
				B443285C1A6D6A6D259B3670 /* libPods-TJTheme.a in Frameworks */,
			);
			runOnlyForDeploymentPostprocessing = 0;
		};
/* End PBXFrameworksBuildPhase section */

/* Begin PBXGroup section */
		2B4031D0214FE94A0017645C = {
			isa = PBXGroup;
			children = (
				2B4031DB214FE94A0017645C /* TJTheme */,
				2B4031DA214FE94A0017645C /* Products */,
				4C1345F1754E3D1ED99F5438 /* Pods */,
				E0604A364889217A0E645982 /* Frameworks */,
			);
			sourceTree = "<group>";
		};
		2B4031DA214FE94A0017645C /* Products */ = {
			isa = PBXGroup;
			children = (
				2B4031D9214FE94A0017645C /* TJTheme.app */,
			);
			name = Products;
			sourceTree = "<group>";
		};
		2B4031DB214FE94A0017645C /* TJTheme */ = {
			isa = PBXGroup;
			children = (
				2B45820D215142B400868E0E /* ThemeRedTemplate.h */,
				2B45820E215142B400868E0E /* ThemeRedTemplate.m */,
				2B4582102151437800868E0E /* ThemeYellowTemplate.h */,
				2B4582112151437800868E0E /* ThemeYellowTemplate.m */,
				2B4582072151384900868E0E /* TJThemeManager */,
				2B458203215132DF00868E0E /* DKColorTable.txt */,
				2B4031DC214FE94A0017645C /* AppDelegate.h */,
				2B4031DD214FE94A0017645C /* AppDelegate.m */,
				2B4031DF214FE94A0017645C /* ViewController.h */,
				2B4031E0214FE94A0017645C /* ViewController.m */,
				2B4031E2214FE94A0017645C /* Main.storyboard */,
				2B4031E5214FE94B0017645C /* Assets.xcassets */,
				2B4031E7214FE94B0017645C /* LaunchScreen.storyboard */,
				2B4031EA214FE94B0017645C /* Info.plist */,
				2B4031EB214FE94B0017645C /* main.m */,
			);
			path = TJTheme;
			sourceTree = "<group>";
		};
		2B4582072151384900868E0E /* TJThemeManager */ = {
			isa = PBXGroup;
			children = (
				2B4582092151386B00868E0E /* TJThemeManager.h */,
				2B45820A2151386B00868E0E /* TJThemeManager.m */,
				2B45820C21513D8C00868E0E /* TJThemeProtocol.h */,
			);
			path = TJThemeManager;
			sourceTree = "<group>";
		};
		4C1345F1754E3D1ED99F5438 /* Pods */ = {
			isa = PBXGroup;
			children = (
				44E9A9714F700FBF42263D12 /* Pods-TJTheme.debug.xcconfig */,
				7388413A9F5653DA18E99B8B /* Pods-TJTheme.release.xcconfig */,
			);
			name = Pods;
			sourceTree = "<group>";
		};
		E0604A364889217A0E645982 /* Frameworks */ = {
			isa = PBXGroup;
			children = (
				4A003C0BFBD34526626F9B6C /* libPods-TJTheme.a */,
			);
			name = Frameworks;
			sourceTree = "<group>";
		};
/* End PBXGroup section */

/* Begin PBXNativeTarget section */
		2B4031D8214FE94A0017645C /* TJTheme */ = {
			isa = PBXNativeTarget;
			buildConfigurationList = 2B4031EF214FE94B0017645C /* Build configuration list for PBXNativeTarget "TJTheme" */;
			buildPhases = (
				4C053A3AB87B03B1472DCA6B /* [CP] Check Pods Manifest.lock */,
				2B4031D5214FE94A0017645C /* Sources */,
				2B4031D6214FE94A0017645C /* Frameworks */,
				2B4031D7214FE94A0017645C /* Resources */,
				F81CED7C97F6E1E8C883CACF /* [CP] Copy Pods Resources */,
			);
			buildRules = (
			);
			dependencies = (
			);
			name = TJTheme;
			productName = TJTheme;
			productReference = 2B4031D9214FE94A0017645C /* TJTheme.app */;
			productType = "com.apple.product-type.application";
		};
/* End PBXNativeTarget section */

/* Begin PBXProject section */
		2B4031D1214FE94A0017645C /* Project object */ = {
			isa = PBXProject;
			attributes = {
				LastUpgradeCheck = 0940;
				ORGANIZATIONNAME = tao;
				TargetAttributes = {
					2B4031D8214FE94A0017645C = {
						CreatedOnToolsVersion = 9.4.1;
					};
				};
			};
			buildConfigurationList = 2B4031D4214FE94A0017645C /* Build configuration list for PBXProject "TJTheme" */;
			compatibilityVersion = "Xcode 9.3";
			developmentRegion = en;
			hasScannedForEncodings = 0;
			knownRegions = (
				en,
				Base,
			);
			mainGroup = 2B4031D0214FE94A0017645C;
			productRefGroup = 2B4031DA214FE94A0017645C /* Products */;
			projectDirPath = "";
			projectRoot = "";
			targets = (
				2B4031D8214FE94A0017645C /* TJTheme */,
			);
		};
/* End PBXProject section */

/* Begin PBXResourcesBuildPhase section */
		2B4031D7214FE94A0017645C /* Resources */ = {
			isa = PBXResourcesBuildPhase;
			buildActionMask = 2147483647;
			files = (
				2B458204215132E000868E0E /* DKColorTable.txt in Resources */,
				2B4031E9214FE94B0017645C /* LaunchScreen.storyboard in Resources */,
				2B4031E6214FE94B0017645C /* Assets.xcassets in Resources */,
				2B4031E4214FE94A0017645C /* Main.storyboard in Resources */,
			);
			runOnlyForDeploymentPostprocessing = 0;
		};
/* End PBXResourcesBuildPhase section */

/* Begin PBXShellScriptBuildPhase section */
		4C053A3AB87B03B1472DCA6B /* [CP] Check Pods Manifest.lock */ = {
			isa = PBXShellScriptBuildPhase;
			buildActionMask = 2147483647;
			files = (
			);
			inputPaths = (
				"${PODS_PODFILE_DIR_PATH}/Podfile.lock",
				"${PODS_ROOT}/Manifest.lock",
			);
			name = "[CP] Check Pods Manifest.lock";
			outputPaths = (
				"$(DERIVED_FILE_DIR)/Pods-TJTheme-checkManifestLockResult.txt",
			);
			runOnlyForDeploymentPostprocessing = 0;
			shellPath = /bin/sh;
			shellScript = "diff \"${PODS_PODFILE_DIR_PATH}/Podfile.lock\" \"${PODS_ROOT}/Manifest.lock\" > /dev/null\nif [ $? != 0 ] ; then\n    # print error to STDERR\n    echo \"error: The sandbox is not in sync with the Podfile.lock. Run 'pod install' or update your CocoaPods installation.\" >&2\n    exit 1\nfi\n# This output is used by Xcode 'outputs' to avoid re-running this script phase.\necho \"SUCCESS\" > \"${SCRIPT_OUTPUT_FILE_0}\"\n";
			showEnvVarsInLog = 0;
		};
		F81CED7C97F6E1E8C883CACF /* [CP] Copy Pods Resources */ = {
			isa = PBXShellScriptBuildPhase;
			buildActionMask = 2147483647;
			files = (
			);
			inputPaths = (
				"${SRCROOT}/Pods/Target Support Files/Pods-TJTheme/Pods-TJTheme-resources.sh",
				"${PODS_ROOT}/DKNightVersion/DKNightVersion/ColorTable/DKColorTable.txt",
			);
			name = "[CP] Copy Pods Resources";
			outputPaths = (
				"${TARGET_BUILD_DIR}/${UNLOCALIZED_RESOURCES_FOLDER_PATH}/DKColorTable.txt",
			);
			runOnlyForDeploymentPostprocessing = 0;
			shellPath = /bin/sh;
			shellScript = "\"${SRCROOT}/Pods/Target Support Files/Pods-TJTheme/Pods-TJTheme-resources.sh\"\n";
			showEnvVarsInLog = 0;
		};
/* End PBXShellScriptBuildPhase section */

/* Begin PBXSourcesBuildPhase section */
		2B4031D5214FE94A0017645C /* Sources */ = {
			isa = PBXSourcesBuildPhase;
			buildActionMask = 2147483647;
			files = (
				2B4031E1214FE94A0017645C /* ViewController.m in Sources */,
				2B4031EC214FE94B0017645C /* main.m in Sources */,
				2B45820F215142B400868E0E /* ThemeRedTemplate.m in Sources */,
				2B4031DE214FE94A0017645C /* AppDelegate.m in Sources */,
				2B45820B2151386B00868E0E /* TJThemeManager.m in Sources */,
				2B4582122151437800868E0E /* ThemeYellowTemplate.m in Sources */,
			);
			runOnlyForDeploymentPostprocessing = 0;
		};
/* End PBXSourcesBuildPhase section */

/* Begin PBXVariantGroup section */
		2B4031E2214FE94A0017645C /* Main.storyboard */ = {
			isa = PBXVariantGroup;
			children = (
				2B4031E3214FE94A0017645C /* Base */,
			);
			name = Main.storyboard;
			sourceTree = "<group>";
		};
		2B4031E7214FE94B0017645C /* LaunchScreen.storyboard */ = {
			isa = PBXVariantGroup;
			children = (
				2B4031E8214FE94B0017645C /* Base */,
			);
			name = LaunchScreen.storyboard;
			sourceTree = "<group>";
		};
/* End PBXVariantGroup section */

/* Begin XCBuildConfiguration section */
		2B4031ED214FE94B0017645C /* Debug */ = {
			isa = XCBuildConfiguration;
			buildSettings = {
				ALWAYS_SEARCH_USER_PATHS = NO;
				CLANG_ANALYZER_NONNULL = YES;
				CLANG_ANALYZER_NUMBER_OBJECT_CONVERSION = YES_AGGRESSIVE;
				CLANG_CXX_LANGUAGE_STANDARD = "gnu++14";
				CLANG_CXX_LIBRARY = "libc++";
				CLANG_ENABLE_MODULES = YES;
				CLANG_ENABLE_OBJC_ARC = YES;
				CLANG_ENABLE_OBJC_WEAK = YES;
				CLANG_WARN_BLOCK_CAPTURE_AUTORELEASING = YES;
				CLANG_WARN_BOOL_CONVERSION = YES;
				CLANG_WARN_COMMA = YES;
				CLANG_WARN_CONSTANT_CONVERSION = YES;
				CLANG_WARN_DEPRECATED_OBJC_IMPLEMENTATIONS = YES;
				CLANG_WARN_DIRECT_OBJC_ISA_USAGE = YES_ERROR;
				CLANG_WARN_DOCUMENTATION_COMMENTS = YES;
				CLANG_WARN_EMPTY_BODY = YES;
				CLANG_WARN_ENUM_CONVERSION = YES;
				CLANG_WARN_INFINITE_RECURSION = YES;
				CLANG_WARN_INT_CONVERSION = YES;
				CLANG_WARN_NON_LITERAL_NULL_CONVERSION = YES;
				CLANG_WARN_OBJC_IMPLICIT_RETAIN_SELF = YES;
				CLANG_WARN_OBJC_LITERAL_CONVERSION = YES;
				CLANG_WARN_OBJC_ROOT_CLASS = YES_ERROR;
				CLANG_WARN_RANGE_LOOP_ANALYSIS = YES;
				CLANG_WARN_STRICT_PROTOTYPES = YES;
				CLANG_WARN_SUSPICIOUS_MOVE = YES;
				CLANG_WARN_UNGUARDED_AVAILABILITY = YES_AGGRESSIVE;
				CLANG_WARN_UNREACHABLE_CODE = YES;
				CLANG_WARN__DUPLICATE_METHOD_MATCH = YES;
				CODE_SIGN_IDENTITY = "iPhone Developer";
				COPY_PHASE_STRIP = NO;
				DEBUG_INFORMATION_FORMAT = dwarf;
				ENABLE_STRICT_OBJC_MSGSEND = YES;
				ENABLE_TESTABILITY = YES;
				GCC_C_LANGUAGE_STANDARD = gnu11;
				GCC_DYNAMIC_NO_PIC = NO;
				GCC_NO_COMMON_BLOCKS = YES;
				GCC_OPTIMIZATION_LEVEL = 0;
				GCC_PREPROCESSOR_DEFINITIONS = (
					"DEBUG=1",
					"$(inherited)",
				);
				GCC_WARN_64_TO_32_BIT_CONVERSION = YES;
				GCC_WARN_ABOUT_RETURN_TYPE = YES_ERROR;
				GCC_WARN_UNDECLARED_SELECTOR = YES;
				GCC_WARN_UNINITIALIZED_AUTOS = YES_AGGRESSIVE;
				GCC_WARN_UNUSED_FUNCTION = YES;
				GCC_WARN_UNUSED_VARIABLE = YES;
				IPHONEOS_DEPLOYMENT_TARGET = 11.4;
				MTL_ENABLE_DEBUG_INFO = YES;
				ONLY_ACTIVE_ARCH = YES;
				SDKROOT = iphoneos;
			};
			name = Debug;
		};
		2B4031EE214FE94B0017645C /* Release */ = {
			isa = XCBuildConfiguration;
			buildSettings = {
				ALWAYS_SEARCH_USER_PATHS = NO;
				CLANG_ANALYZER_NONNULL = YES;
				CLANG_ANALYZER_NUMBER_OBJECT_CONVERSION = YES_AGGRESSIVE;
				CLANG_CXX_LANGUAGE_STANDARD = "gnu++14";
				CLANG_CXX_LIBRARY = "libc++";
				CLANG_ENABLE_MODULES = YES;
				CLANG_ENABLE_OBJC_ARC = YES;
				CLANG_ENABLE_OBJC_WEAK = YES;
				CLANG_WARN_BLOCK_CAPTURE_AUTORELEASING = YES;
				CLANG_WARN_BOOL_CONVERSION = YES;
				CLANG_WARN_COMMA = YES;
				CLANG_WARN_CONSTANT_CONVERSION = YES;
				CLANG_WARN_DEPRECATED_OBJC_IMPLEMENTATIONS = YES;
				CLANG_WARN_DIRECT_OBJC_ISA_USAGE = YES_ERROR;
				CLANG_WARN_DOCUMENTATION_COMMENTS = YES;
				CLANG_WARN_EMPTY_BODY = YES;
				CLANG_WARN_ENUM_CONVERSION = YES;
				CLANG_WARN_INFINITE_RECURSION = YES;
				CLANG_WARN_INT_CONVERSION = YES;
				CLANG_WARN_NON_LITERAL_NULL_CONVERSION = YES;
				CLANG_WARN_OBJC_IMPLICIT_RETAIN_SELF = YES;
				CLANG_WARN_OBJC_LITERAL_CONVERSION = YES;
				CLANG_WARN_OBJC_ROOT_CLASS = YES_ERROR;
				CLANG_WARN_RANGE_LOOP_ANALYSIS = YES;
				CLANG_WARN_STRICT_PROTOTYPES = YES;
				CLANG_WARN_SUSPICIOUS_MOVE = YES;
				CLANG_WARN_UNGUARDED_AVAILABILITY = YES_AGGRESSIVE;
				CLANG_WARN_UNREACHABLE_CODE = YES;
				CLANG_WARN__DUPLICATE_METHOD_MATCH = YES;
				CODE_SIGN_IDENTITY = "iPhone Developer";
				COPY_PHASE_STRIP = NO;
				DEBUG_INFORMATION_FORMAT = "dwarf-with-dsym";
				ENABLE_NS_ASSERTIONS = NO;
				ENABLE_STRICT_OBJC_MSGSEND = YES;
				GCC_C_LANGUAGE_STANDARD = gnu11;
				GCC_NO_COMMON_BLOCKS = YES;
				GCC_WARN_64_TO_32_BIT_CONVERSION = YES;
				GCC_WARN_ABOUT_RETURN_TYPE = YES_ERROR;
				GCC_WARN_UNDECLARED_SELECTOR = YES;
				GCC_WARN_UNINITIALIZED_AUTOS = YES_AGGRESSIVE;
				GCC_WARN_UNUSED_FUNCTION = YES;
				GCC_WARN_UNUSED_VARIABLE = YES;
				IPHONEOS_DEPLOYMENT_TARGET = 11.4;
				MTL_ENABLE_DEBUG_INFO = NO;
				SDKROOT = iphoneos;
				VALIDATE_PRODUCT = YES;
			};
			name = Release;
		};
		2B4031F0214FE94B0017645C /* Debug */ = {
			isa = XCBuildConfiguration;
			baseConfigurationReference = 44E9A9714F700FBF42263D12 /* Pods-TJTheme.debug.xcconfig */;
			buildSettings = {
				ASSETCATALOG_COMPILER_APPICON_NAME = AppIcon;
				CODE_SIGN_STYLE = Automatic;
				INFOPLIST_FILE = TJTheme/Info.plist;
				LD_RUNPATH_SEARCH_PATHS = (
					"$(inherited)",
					"@executable_path/Frameworks",
				);
				PRODUCT_BUNDLE_IDENTIFIER = com.tjzl.TJTheme;
				PRODUCT_NAME = "$(TARGET_NAME)";
				TARGETED_DEVICE_FAMILY = "1,2";
			};
			name = Debug;
		};
		2B4031F1214FE94B0017645C /* Release */ = {
			isa = XCBuildConfiguration;
			baseConfigurationReference = 7388413A9F5653DA18E99B8B /* Pods-TJTheme.release.xcconfig */;
			buildSettings = {
				ASSETCATALOG_COMPILER_APPICON_NAME = AppIcon;
				CODE_SIGN_STYLE = Automatic;
				INFOPLIST_FILE = TJTheme/Info.plist;
				LD_RUNPATH_SEARCH_PATHS = (
					"$(inherited)",
					"@executable_path/Frameworks",
				);
				PRODUCT_BUNDLE_IDENTIFIER = com.tjzl.TJTheme;
				PRODUCT_NAME = "$(TARGET_NAME)";
				TARGETED_DEVICE_FAMILY = "1,2";
			};
			name = Release;
		};
/* End XCBuildConfiguration section */

/* Begin XCConfigurationList section */
		2B4031D4214FE94A0017645C /* Build configuration list for PBXProject "TJTheme" */ = {
			isa = XCConfigurationList;
			buildConfigurations = (
				2B4031ED214FE94B0017645C /* Debug */,
				2B4031EE214FE94B0017645C /* Release */,
			);
			defaultConfigurationIsVisible = 0;
			defaultConfigurationName = Release;
		};
		2B4031EF214FE94B0017645C /* Build configuration list for PBXNativeTarget "TJTheme" */ = {
			isa = XCConfigurationList;
			buildConfigurations = (
				2B4031F0214FE94B0017645C /* Debug */,
				2B4031F1214FE94B0017645C /* Release */,
			);
			defaultConfigurationIsVisible = 0;
			defaultConfigurationName = Release;
		};
/* End XCConfigurationList section */
	};
	rootObject = 2B4031D1214FE94A0017645C /* Project object */;
}
